
Microsoft Visual Studio Solution File, Format Version 12.00
# Visual Studio Version 17
VisualStudioVersion = 17.8.34309.116
MinimumVisualStudioVersion = 10.0.40219.1
Project("{FAE04EC0-301F-11D3-BF4B-00C04F79EFBC}") = "PrjLcUi", "PrjLcUi.csproj", "{4ED52749-17BB-4DE0-8279-D04FFABB0A1D}"
EndProject
Global
	GlobalSection(SolutionConfigurationPlatforms) = preSolution
		Debug|Any CPU = Debug|Any CPU
		Release|Any CPU = Release|Any CPU
	EndGlobalSection
	GlobalSection(ProjectConfigurationPlatforms) = postSolution
		{4ED52749-17BB-4DE0-8279-D04FFABB0A1D}.Debug|Any CPU.ActiveCfg = Debug|Any CPU
		{4ED52749-17BB-4DE0-8279-D04FFABB0A1D}.Debug|Any CPU.Build.0 = Debug|Any CPU
		{4ED52749-17BB-4DE0-8279-D04FFABB0A1D}.Release|Any CPU.ActiveCfg = Release|Any CPU
		{4ED52749-17BB-4DE0-8279-D04FFABB0A1D}.Release|Any CPU.Build.0 = Release|Any CPU
	EndGlobalSection
	GlobalSection(SolutionProperties) = preSolution
		HideSolutionNode = FALSE
	EndGlobalSection
	GlobalSection(ExtensibilityGlobals) = postSolution
		SolutionGuid = {99F8CA9D-6F47-49B4-9F00-5EF7CFFC0EC8}
	EndGlobalSection
EndGlobal
